
Microsoft Visual Studio Solution File, Format Version 12.00
# Visual Studio Version 17
VisualStudioVersion = 17.8.34330.188
MinimumVisualStudioVersion = 10.0.40219.1
Project("{FAE04EC0-301F-11D3-BF4B-00C04F79EFBC}") = "Assignment12", "Assignment12\Assignment12.csproj", "{4AD0B227-D807-41E6-A68B-D4DBA2CDD23A}"
EndProject
Global
	GlobalSection(SolutionConfigurationPlatforms) = preSolution
		Debug|Any CPU = Debug|Any CPU
		Release|Any CPU = Release|Any CPU
	EndGlobalSection
	GlobalSection(ProjectConfigurationPlatforms) = postSolution
		{4AD0B227-D807-41E6-A68B-D4DBA2CDD23A}.Debug|Any CPU.ActiveCfg = Debug|Any CPU
		{4AD0B227-D807-41E6-A68B-D4DBA2CDD23A}.Debug|Any CPU.Build.0 = Debug|Any CPU
		{4AD0B227-D807-41E6-A68B-D4DBA2CDD23A}.Release|Any CPU.ActiveCfg = Release|Any CPU
		{4AD0B227-D807-41E6-A68B-D4DBA2CDD23A}.Release|Any CPU.Build.0 = Release|Any CPU
	EndGlobalSection
	GlobalSection(SolutionProperties) = preSolution
		HideSolutionNode = FALSE
	EndGlobalSection
	GlobalSection(ExtensibilityGlobals) = postSolution
		SolutionGuid = {C5C61831-FA7F-45F5-8D9A-D0F61B30ADE6}
	EndGlobalSection
EndGlobal
