
Microsoft Visual Studio Solution File, Format Version 12.00
# Visual Studio Version 17
VisualStudioVersion = 17.8.34330.188
MinimumVisualStudioVersion = 10.0.40219.1
Project("{FAE04EC0-301F-11D3-BF4B-00C04F79EFBC}") = "Assignment19", "Assignment19\Assignment19.csproj", "{EF6751AF-85AD-479D-9327-8D3EC6F8AC44}"
EndProject
Global
	GlobalSection(SolutionConfigurationPlatforms) = preSolution
		Debug|Any CPU = Debug|Any CPU
		Release|Any CPU = Release|Any CPU
	EndGlobalSection
	GlobalSection(ProjectConfigurationPlatforms) = postSolution
		{EF6751AF-85AD-479D-9327-8D3EC6F8AC44}.Debug|Any CPU.ActiveCfg = Debug|Any CPU
		{EF6751AF-85AD-479D-9327-8D3EC6F8AC44}.Debug|Any CPU.Build.0 = Debug|Any CPU
		{EF6751AF-85AD-479D-9327-8D3EC6F8AC44}.Release|Any CPU.ActiveCfg = Release|Any CPU
		{EF6751AF-85AD-479D-9327-8D3EC6F8AC44}.Release|Any CPU.Build.0 = Release|Any CPU
	EndGlobalSection
	GlobalSection(SolutionProperties) = preSolution
		HideSolutionNode = FALSE
	EndGlobalSection
	GlobalSection(ExtensibilityGlobals) = postSolution
		SolutionGuid = {514B8B5C-93F9-493E-975D-F88CBABDEEDE}
	EndGlobalSection
EndGlobal
