
Microsoft Visual Studio Solution File, Format Version 12.00
# Visual Studio Version 17
VisualStudioVersion = 17.8.34330.188
MinimumVisualStudioVersion = 10.0.40219.1
Project("{FAE04EC0-301F-11D3-BF4B-00C04F79EFBC}") = "Assignment15", "Assignment15\Assignment15.csproj", "{29087D17-92AB-4942-B37B-AA918DBB4A64}"
EndProject
Global
	GlobalSection(SolutionConfigurationPlatforms) = preSolution
		Debug|Any CPU = Debug|Any CPU
		Release|Any CPU = Release|Any CPU
	EndGlobalSection
	GlobalSection(ProjectConfigurationPlatforms) = postSolution
		{29087D17-92AB-4942-B37B-AA918DBB4A64}.Debug|Any CPU.ActiveCfg = Debug|Any CPU
		{29087D17-92AB-4942-B37B-AA918DBB4A64}.Debug|Any CPU.Build.0 = Debug|Any CPU
		{29087D17-92AB-4942-B37B-AA918DBB4A64}.Release|Any CPU.ActiveCfg = Release|Any CPU
		{29087D17-92AB-4942-B37B-AA918DBB4A64}.Release|Any CPU.Build.0 = Release|Any CPU
	EndGlobalSection
	GlobalSection(SolutionProperties) = preSolution
		HideSolutionNode = FALSE
	EndGlobalSection
	GlobalSection(ExtensibilityGlobals) = postSolution
		SolutionGuid = {3DDB5709-AFA8-4DE4-8015-969096AC73F0}
	EndGlobalSection
EndGlobal
