
Microsoft Visual Studio Solution File, Format Version 12.00
# Visual Studio Version 17
VisualStudioVersion = 17.8.34330.188
MinimumVisualStudioVersion = 10.0.40219.1
Project("{FAE04EC0-301F-11D3-BF4B-00C04F79EFBC}") = "Assignment10", "Assignment10\Assignment10.csproj", "{5FF51EE6-FFE8-4906-B3B8-047F2572464F}"
EndProject
Global
	GlobalSection(SolutionConfigurationPlatforms) = preSolution
		Debug|Any CPU = Debug|Any CPU
		Release|Any CPU = Release|Any CPU
	EndGlobalSection
	GlobalSection(ProjectConfigurationPlatforms) = postSolution
		{5FF51EE6-FFE8-4906-B3B8-047F2572464F}.Debug|Any CPU.ActiveCfg = Debug|Any CPU
		{5FF51EE6-FFE8-4906-B3B8-047F2572464F}.Debug|Any CPU.Build.0 = Debug|Any CPU
		{5FF51EE6-FFE8-4906-B3B8-047F2572464F}.Release|Any CPU.ActiveCfg = Release|Any CPU
		{5FF51EE6-FFE8-4906-B3B8-047F2572464F}.Release|Any CPU.Build.0 = Release|Any CPU
	EndGlobalSection
	GlobalSection(SolutionProperties) = preSolution
		HideSolutionNode = FALSE
	EndGlobalSection
	GlobalSection(ExtensibilityGlobals) = postSolution
		SolutionGuid = {4B4EBFC9-AAD9-480D-BBC0-C9D89437180C}
	EndGlobalSection
EndGlobal
