
Microsoft Visual Studio Solution File, Format Version 12.00
# Visual Studio Version 17
VisualStudioVersion = 17.8.34330.188
MinimumVisualStudioVersion = 10.0.40219.1
Project("{FAE04EC0-301F-11D3-BF4B-00C04F79EFBC}") = "Assignment3", "Assignment3\Assignment3.csproj", "{AEBFA32E-CB0D-494C-859F-D795C714B5E4}"
EndProject
Global
	GlobalSection(SolutionConfigurationPlatforms) = preSolution
		Debug|Any CPU = Debug|Any CPU
		Release|Any CPU = Release|Any CPU
	EndGlobalSection
	GlobalSection(ProjectConfigurationPlatforms) = postSolution
		{AEBFA32E-CB0D-494C-859F-D795C714B5E4}.Debug|Any CPU.ActiveCfg = Debug|Any CPU
		{AEBFA32E-CB0D-494C-859F-D795C714B5E4}.Debug|Any CPU.Build.0 = Debug|Any CPU
		{AEBFA32E-CB0D-494C-859F-D795C714B5E4}.Release|Any CPU.ActiveCfg = Release|Any CPU
		{AEBFA32E-CB0D-494C-859F-D795C714B5E4}.Release|Any CPU.Build.0 = Release|Any CPU
	EndGlobalSection
	GlobalSection(SolutionProperties) = preSolution
		HideSolutionNode = FALSE
	EndGlobalSection
	GlobalSection(ExtensibilityGlobals) = postSolution
		SolutionGuid = {0AB238A8-7003-4850-B656-90CB5E0A00F8}
	EndGlobalSection
EndGlobal
