
Microsoft Visual Studio Solution File, Format Version 12.00
# Visual Studio Version 17
VisualStudioVersion = 17.8.34330.188
MinimumVisualStudioVersion = 10.0.40219.1
Project("{FAE04EC0-301F-11D3-BF4B-00C04F79EFBC}") = "Assignment2", "Assignment2\Assignment2.csproj", "{F39F225C-2DD6-42E2-9D6F-6C070BDB9357}"
EndProject
Global
	GlobalSection(SolutionConfigurationPlatforms) = preSolution
		Debug|Any CPU = Debug|Any CPU
		Release|Any CPU = Release|Any CPU
	EndGlobalSection
	GlobalSection(ProjectConfigurationPlatforms) = postSolution
		{F39F225C-2DD6-42E2-9D6F-6C070BDB9357}.Debug|Any CPU.ActiveCfg = Debug|Any CPU
		{F39F225C-2DD6-42E2-9D6F-6C070BDB9357}.Debug|Any CPU.Build.0 = Debug|Any CPU
		{F39F225C-2DD6-42E2-9D6F-6C070BDB9357}.Release|Any CPU.ActiveCfg = Release|Any CPU
		{F39F225C-2DD6-42E2-9D6F-6C070BDB9357}.Release|Any CPU.Build.0 = Release|Any CPU
	EndGlobalSection
	GlobalSection(SolutionProperties) = preSolution
		HideSolutionNode = FALSE
	EndGlobalSection
	GlobalSection(ExtensibilityGlobals) = postSolution
		SolutionGuid = {21D4B45A-276F-4CA4-9E01-EFFBAAEA4680}
	EndGlobalSection
EndGlobal
