
Microsoft Visual Studio Solution File, Format Version 12.00
# Visual Studio Version 17
VisualStudioVersion = 17.8.34330.188
MinimumVisualStudioVersion = 10.0.40219.1
Project("{FAE04EC0-301F-11D3-BF4B-00C04F79EFBC}") = "Assignment9", "Assignment9\Assignment9.csproj", "{303C4694-A745-4FA0-B911-0D27870DA527}"
EndProject
Global
	GlobalSection(SolutionConfigurationPlatforms) = preSolution
		Debug|Any CPU = Debug|Any CPU
		Release|Any CPU = Release|Any CPU
	EndGlobalSection
	GlobalSection(ProjectConfigurationPlatforms) = postSolution
		{303C4694-A745-4FA0-B911-0D27870DA527}.Debug|Any CPU.ActiveCfg = Debug|Any CPU
		{303C4694-A745-4FA0-B911-0D27870DA527}.Debug|Any CPU.Build.0 = Debug|Any CPU
		{303C4694-A745-4FA0-B911-0D27870DA527}.Release|Any CPU.ActiveCfg = Release|Any CPU
		{303C4694-A745-4FA0-B911-0D27870DA527}.Release|Any CPU.Build.0 = Release|Any CPU
	EndGlobalSection
	GlobalSection(SolutionProperties) = preSolution
		HideSolutionNode = FALSE
	EndGlobalSection
	GlobalSection(ExtensibilityGlobals) = postSolution
		SolutionGuid = {83B7B5CB-3FB5-4FB7-B28B-C9ECB1C20187}
	EndGlobalSection
EndGlobal
